slug: hoodlock
pulled_at: 2026-09-02T06:54:17.585Z # chain head 52376124 at read time
chain: robinhood-chain
addresses:
  - address: "0xd5BF43f29BF7Aa5bb42Ae9e217b84B86EB7a4B94"
    label: LOCK token (account bio)
    role: token
    is_contract: true
    source_verified: true
    contract_name: PonsLauncherToken
    proxy:
      type: none
      implementation: null
      admin: null
    owner: null
    owner_type: none
    safe: null
    created_block: 25280576
    created_at: 2026-08-01T19:12:01.000Z
    holders: 1196
    errors: []
metrics: []
errors: []
