slug: hoodlock
pulled_at: 2026-09-02T19:33:26.220Z # chain head 52824007 at read time
chain: robinhood-chain
addresses:
  - address: "0xd5BF43f29BF7Aa5bb42Ae9e217b84B86EB7a4B94"
    label: LOCK token (account bio)
    role: token
    is_contract: true
    source_verified: true
    contract_name: PonsLauncherToken
    proxy:
      type: none
      implementation: null
      admin: null
    owner: null
    owner_type: none
    safe: null
    created_block: 25280576
    created_at: 2026-08-01T19:12:01.000Z
    holders: 1185
    errors: []
metrics: []
market:
  token_address: "0xd5BF43f29BF7Aa5bb42Ae9e217b84B86EB7a4B94"
  pulled_at: 2026-09-02T19:33:26.220Z
  pairs:
    - dex: uniswap
      pair_address: "0x4562cA679DcCc38f2dd59d28B2eBFEC99f507AF2"
      quote_symbol: WETH
      price_usd: 0.00007648
      liquidity_usd: 28941.09
      volume_h24: 67510.61
      volume_h6: 14054.65
      txns_h24:
        buys: 457
        sells: 689
      price_change_h24: -26.88
      fdv: 76469
      created_at: 2026-08-01T19:12:01.000Z
    - dex: uniswap
      pair_address: "0x09b220385119f9ae32c2868ad2120783b6962034146172c2df6a8586f1df4ff2"
      quote_symbol: USDG
      price_usd: 0.00007877
      liquidity_usd: 5248.96
      volume_h24: 9342.83
      volume_h6: 2168.03
      txns_h24:
        buys: 30
        sells: 36
      price_change_h24: -29.06
      fdv: 78755
      created_at: 2026-09-01T19:40:23.000Z
    - dex: uniswap
      pair_address: "0x10e7b283f5a334b28b5b79cadb6e1b271b35ebab1f6b4e427ad810ae14ef9ca0"
      quote_symbol: USDG
      price_usd: 0.0002717
      liquidity_usd: 926.9
      volume_h24: 0
      volume_h6: 0
      txns_h24:
        buys: 0
        sells: 1
      price_change_h24: null
      fdv: 271729
      created_at: 2026-08-26T17:10:34.000Z
  liquidity_usd: 35116.95
  volume_h24: 76853.44
  trades_h24: 1213
  price_usd: 0.00007648
  price_change_h24: -26.88
  fdv: 76469
  first_pair_at: 2026-08-01T19:12:01.000Z
  errors: []
activity:
  pulled_at: 2026-09-02T19:33:26.220Z
  addresses:
    - address: "0xd5BF43f29BF7Aa5bb42Ae9e217b84B86EB7a4B94"
      label: LOCK token (account bio)
      role: token
      transactions_count: 3935
      token_transfers_count: 14
      last_tx_at: 2026-09-02T19:44:35.000Z
      last_method: approve
      txns_24h: 223
      launches_24h: null
      errors: []
  last_activity_at: 2026-09-02T19:44:35.000Z
  txns_24h: 223
  launches_24h: null
errors: []
