slug: hoodlock
pulled_at: 2026-09-02T22:38:55.976Z # chain head 52931655 at read time
chain: robinhood-chain
addresses:
  - address: "0xd5BF43f29BF7Aa5bb42Ae9e217b84B86EB7a4B94"
    label: LOCK token (account bio)
    role: token
    is_contract: true
    source_verified: true
    contract_name: PonsLauncherToken
    proxy:
      type: none
      implementation: null
      admin: null
    owner: null
    owner_type: none
    safe: null
    created_block: 25280576
    created_at: 2026-08-01T19:12:01.000Z
    holders: 1157
    errors: []
metrics: []
market:
  token_address: "0xd5BF43f29BF7Aa5bb42Ae9e217b84B86EB7a4B94"
  pulled_at: 2026-09-02T22:38:55.976Z
  pairs:
    - dex: uniswap
      pair_address: "0x4562cA679DcCc38f2dd59d28B2eBFEC99f507AF2"
      quote_symbol: WETH
      price_usd: 0.00008149
      liquidity_usd: 30044.77
      volume_h24: 56177.18
      volume_h6: 13433.61
      txns_h24:
        buys: 410
        sells: 672
      price_change_h24: -31.27
      fdv: 81478
      created_at: 2026-08-01T19:12:01.000Z
    - dex: uniswap
      pair_address: "0x09b220385119f9ae32c2868ad2120783b6962034146172c2df6a8586f1df4ff2"
      quote_symbol: USDG
      price_usd: 0.0000787
      liquidity_usd: 5244.76
      volume_h24: 7334.47
      volume_h6: 1779.65
      txns_h24:
        buys: 25
        sells: 35
      price_change_h24: -36.58
      fdv: 78687
      created_at: 2026-09-01T19:40:23.000Z
    - dex: uniswap
      pair_address: "0x10e7b283f5a334b28b5b79cadb6e1b271b35ebab1f6b4e427ad810ae14ef9ca0"
      quote_symbol: USDG
      price_usd: 0.0002717
      liquidity_usd: 926.9
      volume_h24: 0
      volume_h6: 0
      txns_h24:
        buys: 0
        sells: 1
      price_change_h24: null
      fdv: 271729
      created_at: 2026-08-26T17:10:34.000Z
  liquidity_usd: 36216.43
  volume_h24: 63511.65
  trades_h24: 1143
  price_usd: 0.00008149
  price_change_h24: -31.27
  fdv: 81478
  first_pair_at: 2026-08-01T19:12:01.000Z
  top10_share: 0.5929899976805882
  top10_share_ex_pools: 0.3864558201595915
  top10_as_of: 2026-09-02T22:38:55.976Z
  launchpad:
    slug: pons
    via: factory
    address: "0xa5aab3f0c6eeadf30ef1d3eb997108e976351feb"
  errors: []
structure:
  pulled_at: 2026-09-02T22:38:55.976Z
  mint: no-mint-function
  renounced: null
  lp:
    - pair: "0x4562cA679DcCc38f2dd59d28B2eBFEC99f507AF2"
      locked_share: null
      holder_kind: null
      reason: v3/v4 position; not checked
    - pair: "0x09b220385119f9ae32c2868ad2120783b6962034146172c2df6a8586f1df4ff2"
      locked_share: null
      holder_kind: null
      reason: v3/v4 position; not checked
    - pair: "0x10e7b283f5a334b28b5b79cadb6e1b271b35ebab1f6b4e427ad810ae14ef9ca0"
      locked_share: null
      holder_kind: null
      reason: v3/v4 position; not checked
  errors:
    - step: renounced
      message: owner() was not present or could not be read
activity:
  pulled_at: 2026-09-02T22:38:55.976Z
  addresses:
    - address: "0xd5BF43f29BF7Aa5bb42Ae9e217b84B86EB7a4B94"
      label: LOCK token (account bio)
      role: token
      transactions_count: 3935
      token_transfers_count: 14
      last_tx_at: 2026-09-02T22:41:00.000Z
      last_method: approve
      txns_24h: 218
      launches_24h: null
      errors: []
  last_activity_at: 2026-09-02T22:41:00.000Z
  txns_24h: 218
  launches_24h: null
errors: []
