slug: hoodlock
sources:
  - id: S1
    url: https://hoodlock.tech
    publisher: HoodLock
    kind: official-site
    accessed_at: 2026-08-31T00:00:00Z
    claim: Official site link for HoodLock
    excerpt: Link recorded from the census; page not yet reviewed line by line.
    hash: null
    archive_url: null
    researcher: harsharn10
    available: true
  - id: S2
    url: https://x.com/HoodLockRH
    publisher: HoodLock
    kind: social
    accessed_at: 2026-08-31T00:00:00Z
    claim: Official x link for HoodLock
    excerpt: Link recorded from the census; page not yet reviewed line by line.
    hash: null
    archive_url: null
    researcher: harsharn10
    available: true
  - id: S3
    url: https://github.com/harsharn10/proofline/blob/site-integration/research/inbox/2026-08-31-ecosystem-map.yaml
    publisher: Grok research desk — ecosystem map (intake, 2026-08-31)
    kind: third-party-data
    accessed_at: 2026-08-31T00:00:00Z
    claim: "Desk handle, token address and note for HoodLock: native locker; claimed 3M+ TVL locked; Mintera.art 25% revenue buyback; fee-split launchpad announced 31 Aug; ignore a third-party address 0x76af8d3B…"
    excerpt: Intake artifact committed to the research inbox; the linked file carries the desk's wording. Nothing in it is verified until reproduced on Blockscout or an official page.
    hash: null
    archive_url: null
    researcher: harsharn10
    available: true
  - id: S4
    url: https://github.com/harsharn10/proofline/blob/site-integration/research/inbox/2026-08-31-x-fill-6.md
    publisher: Grok research desk — X-sourced fill round 6 (2026-08-31)
    kind: social
    accessed_at: 2026-08-31T00:00:00Z
    claim: "Official posts summarised by the desk: instant on-chain lock proofs; NFT mint on Mintera with 90% of secondary fees to stakers; 29 Aug 25% of Mintera revenue to buy LOCK; 31 Aug launchpad with one-click fee split"
    excerpt: Intake artifact committed to the research inbox; the linked file carries the desk's wording. Nothing in it is verified until reproduced on Blockscout or an official page.
    hash: null
    archive_url: null
    researcher: harsharn10
    available: true
