# Generated by scripts/apply-harvest.mjs from scripts/harvest-data.mjs — dated, attributed items; numbers are what an account posted.
slug: hoodlock
items:
  - id: eb848cd095eb2639
    date: 2026-08-29
    kind: company
    title: Mintera revenue buys LOCK
    body: The account posted that 25% of Mintera.art revenue would buy LOCK for lockers.
    account: "@HoodLockRH"
    sourceUrl: https://x.com/HoodLockRH
    sources:
      - S4
  - id: eb849c9ddeaa4e8e
    date: 2026-08-31
    kind: company
    title: Launchpad with fee split announced
    body: The account announced a launchpad where a creator sets the fee split in one click; the locker is described as live with over 3M locked.
    account: "@HoodLockRH"
    sourceUrl: https://x.com/HoodLockRH
    sources:
      - S4
