slug: hoodlock
items:
  - id: eb848cd095eb2639
    date: 2026-08-29
    kind: company
    title: Mintera revenue buys LOCK
    body: The account posted that 25% of Mintera.art revenue would buy LOCK for lockers.
    account: "@HoodLockRH"
    sourceUrl: https://x.com/HoodLockRH
    sources:
      - S4
  - id: eb849c9ddeaa4e8e
    date: 2026-08-31
    kind: company
    title: Launchpad with fee split announced
    body: The account announced a launchpad where a creator sets the fee split in one click; the locker is described as live with over 3M locked.
    account: "@HoodLockRH"
    sourceUrl: https://x.com/HoodLockRH
    sources:
      - S4
  - id: d5dd03f3f1f5f8cf
    date: 2026-09-02
    kind: company
    title: Account posted 10% of total supply locked for 180 days
    body: "@HoodLockRH posted that 10% of total supply is locked for 180 days."
    account: "@HoodLockRH"
    sourceUrl: https://x.com/HoodLockRH/status/2095294717588037917
    sources:
      - S21
  - id: 299a4125ad274739
    date: 2026-09-02
    kind: company
    title: Account posted $1.51M current value locked
    body: "@HoodLockRH posted $1,510,000 as the current value locked on hoodlock.tech."
    account: "@HoodLockRH"
    sourceUrl: https://x.com/HoodLockRH/status/2095267279164330100
    sources:
      - S22
  - id: 30eb72e8ecb97c19
    date: 2026-09-02
    kind: company
    title: Account posted $LOCK locker revenue share as live
    body: "@HoodLockRH posted revenue share to $LOCK lockers live at hoodlock.tech/app/revenue."
    account: "@HoodLockRH"
    sourceUrl: https://x.com/HoodLockRH/status/2095142387764940851
    sources:
      - S23
  - id: 497987bf26cf6ebe
    date: 2026-09-01
    kind: company
    title: Account posted the HoodLock launchpad as live
    body: "@HoodLockRH posted the launchpad live at hoodlock.tech/app/launch with a 1% trading fee."
    account: "@HoodLockRH"
    sourceUrl: https://x.com/HoodLockRH/status/2094907969779511505
    sources:
      - S24
  - id: d041a81515bfa58c
    date: 2026-09-01
    kind: company
    title: Account posted Zedkr shop partnership and a ZED lock
    body: "@HoodLockRH posted $LOCK as a Zedkr partner token and 210,000,000 $ZED (21%) locked through HoodLock."
    account: "@HoodLockRH"
    sourceUrl: https://x.com/HoodLockRH/status/2094863317567205483
    sources:
      - S25
  - id: 152261ae99231ee2
    date: 2026-08-31
    kind: company
    title: Account posted Delta's 10% lock and a launchpad coming
    body: "@HoodLockRH posted that @deltaliquidity locked 10% of supply and a HoodLock launchpad is coming soon."
    account: "@HoodLockRH"
    sourceUrl: https://x.com/HoodLockRH/status/2094510425287090400
    sources:
      - S26
  - id: 45d98a4c5868752c
    date: 2026-08-01
    kind: onchain
    title: PonsLaunchFactory created the LOCK token and v3 pool
    body: Tx 0xe85df1f0… launchToken created HoodLock/LOCK and Uniswap v3 LOCK/WETH 0x4562…AF2 on 2026-08-01.
    sourceUrl: https://robinhoodchain.blockscout.com/api/v2/addresses/0xd5BF43f29BF7Aa5bb42Ae9e217b84B86EB7a4B94
    sources:
      - S11
      - S17
  - id: 1d6a108a8887dbbe
    date: 2026-07-08
    kind: onchain
    title: RobinhoodLocker deployed on chain 4663
    body: Tx 0x060f96b1… created RobinhoodLocker 0xD0f7…C32F at block 4591195 on 2026-07-08T19:00:56Z.
    sourceUrl: https://robinhoodchain.blockscout.com/api/v2/addresses/0xD0f7d8c6e9f6D80c297bEbe4F7fD1B9C8125C32F
    sources:
      - S13
      - S14
